
Microsoft Visual Studio Solution File, Format Version 12.00
# Visual Studio Version 17
VisualStudioVersion = 17.4.33110.190
MinimumVisualStudioVersion = 10.0.40219.1
Project("{9A19103F-16F7-4668-BE54-9A1E7A4F7556}") = "Rhythm.Models.Common", "Rhythm.Models.Common\Rhythm.Models.Common.csproj", "{6DD76193-0606-4304-8858-E4B37D923D8E}"
EndProject
Project("{FAE04EC0-301F-11D3-BF4B-00C04F79EFBC}") = "Rhythm.Models.Common.Tests", "Rhythm.Models.Common.Tests\Rhythm.Models.Common.Tests.csproj", "{C6EED812-181D-45FB-917E-CCAFA10A6350}"
EndProject
Global
	GlobalSection(SolutionConfigurationPlatforms) = preSolution
		Debug|Any CPU = Debug|Any CPU
		Release|Any CPU = Release|Any CPU
	EndGlobalSection
	GlobalSection(ProjectConfigurationPlatforms) = postSolution
		{6DD76193-0606-4304-8858-E4B37D923D8E}.Debug|Any CPU.ActiveCfg = Debug|Any CPU
		{6DD76193-0606-4304-8858-E4B37D923D8E}.Debug|Any CPU.Build.0 = Debug|Any CPU
		{6DD76193-0606-4304-8858-E4B37D923D8E}.Release|Any CPU.ActiveCfg = Release|Any CPU
		{6DD76193-0606-4304-8858-E4B37D923D8E}.Release|Any CPU.Build.0 = Release|Any CPU
		{C6EED812-181D-45FB-917E-CCAFA10A6350}.Debug|Any CPU.ActiveCfg = Debug|Any CPU
		{C6EED812-181D-45FB-917E-CCAFA10A6350}.Debug|Any CPU.Build.0 = Debug|Any CPU
		{C6EED812-181D-45FB-917E-CCAFA10A6350}.Release|Any CPU.ActiveCfg = Release|Any CPU
		{C6EED812-181D-45FB-917E-CCAFA10A6350}.Release|Any CPU.Build.0 = Release|Any CPU
	EndGlobalSection
	GlobalSection(SolutionProperties) = preSolution
		HideSolutionNode = FALSE
	EndGlobalSection
	GlobalSection(ExtensibilityGlobals) = postSolution
		SolutionGuid = {1C7D490D-678A-463A-A50A-590CADF7C4FA}
	EndGlobalSection
EndGlobal
